
Microsoft Visual Studio Solution File, Format Version 12.00
# Visual Studio Version 17
VisualStudioVersion = 17.5.33414.496
MinimumVisualStudioVersion = 10.0.40219.1
Project("{FAE04EC0-301F-11D3-BF4B-00C04F79EFBC}") = "Ulearn", "Ulearn.csproj", "{5A6230C6-FD85-44CA-AB0A-D41CE90773C4}"
EndProject
Project("{FAE04EC0-301F-11D3-BF4B-00C04F79EFBC}") = "Swap_two_without_third", "..\Swap_two_without_third\Swap_two_without_third.csproj", "{F81B9663-D586-4722-9FEB-3969B0D083A9}"
EndProject
Project("{FAE04EC0-301F-11D3-BF4B-00C04F79EFBC}") = "Swap", "Swap\Swap.csproj", "{145E91AC-FC60-485D-942E-F3389B10E0EE}"
EndProject
Project("{FAE04EC0-301F-11D3-BF4B-00C04F79EFBC}") = "Reverse", "Reverse\Reverse.csproj", "{D6BB96FA-40F1-4D49-BC3A-4B4D1470ABDA}"
EndProject
Project("{FAE04EC0-301F-11D3-BF4B-00C04F79EFBC}") = "Watch", "Watch\Watch.csproj", "{6BE37D4D-0356-4E74-9323-41894092335D}"
EndProject
Project("{FAE04EC0-301F-11D3-BF4B-00C04F79EFBC}") = "Prime_divisors", "Prime_divisors\Prime_divisors.csproj", "{1DEB9FFA-781C-4BCF-AD40-814A2271FCAF}"
EndProject
Project("{FAE04EC0-301F-11D3-BF4B-00C04F79EFBC}") = "Years", "Years\Years.csproj", "{42D04CB5-7C21-4662-9805-778CB6DC7851}"
EndProject
Project("{FAE04EC0-301F-11D3-BF4B-00C04F79EFBC}") = "Years_2", "Years_2\Years_2.csproj", "{3ECD5546-E586-42CD-90B4-4B08170B9E17}"
EndProject
Project("{FAE04EC0-301F-11D3-BF4B-00C04F79EFBC}") = "Distance", "Distance\Distance.csproj", "{5BDBE6CC-C079-46D7-A493-A053C2AB1E87}"
EndProject
Global
	GlobalSection(SolutionConfigurationPlatforms) = preSolution
		Debug|Any CPU = Debug|Any CPU
		Release|Any CPU = Release|Any CPU
	EndGlobalSection
	GlobalSection(ProjectConfigurationPlatforms) = postSolution
		{5A6230C6-FD85-44CA-AB0A-D41CE90773C4}.Debug|Any CPU.ActiveCfg = Debug|Any CPU
		{5A6230C6-FD85-44CA-AB0A-D41CE90773C4}.Debug|Any CPU.Build.0 = Debug|Any CPU
		{5A6230C6-FD85-44CA-AB0A-D41CE90773C4}.Release|Any CPU.ActiveCfg = Release|Any CPU
		{5A6230C6-FD85-44CA-AB0A-D41CE90773C4}.Release|Any CPU.Build.0 = Release|Any CPU
		{F81B9663-D586-4722-9FEB-3969B0D083A9}.Debug|Any CPU.ActiveCfg = Debug|Any CPU
		{F81B9663-D586-4722-9FEB-3969B0D083A9}.Debug|Any CPU.Build.0 = Debug|Any CPU
		{F81B9663-D586-4722-9FEB-3969B0D083A9}.Release|Any CPU.ActiveCfg = Release|Any CPU
		{F81B9663-D586-4722-9FEB-3969B0D083A9}.Release|Any CPU.Build.0 = Release|Any CPU
		{145E91AC-FC60-485D-942E-F3389B10E0EE}.Debug|Any CPU.ActiveCfg = Debug|Any CPU
		{145E91AC-FC60-485D-942E-F3389B10E0EE}.Debug|Any CPU.Build.0 = Debug|Any CPU
		{145E91AC-FC60-485D-942E-F3389B10E0EE}.Release|Any CPU.ActiveCfg = Release|Any CPU
		{145E91AC-FC60-485D-942E-F3389B10E0EE}.Release|Any CPU.Build.0 = Release|Any CPU
		{D6BB96FA-40F1-4D49-BC3A-4B4D1470ABDA}.Debug|Any CPU.ActiveCfg = Debug|Any CPU
		{D6BB96FA-40F1-4D49-BC3A-4B4D1470ABDA}.Debug|Any CPU.Build.0 = Debug|Any CPU
		{D6BB96FA-40F1-4D49-BC3A-4B4D1470ABDA}.Release|Any CPU.ActiveCfg = Release|Any CPU
		{D6BB96FA-40F1-4D49-BC3A-4B4D1470ABDA}.Release|Any CPU.Build.0 = Release|Any CPU
		{6BE37D4D-0356-4E74-9323-41894092335D}.Debug|Any CPU.ActiveCfg = Debug|Any CPU
		{6BE37D4D-0356-4E74-9323-41894092335D}.Debug|Any CPU.Build.0 = Debug|Any CPU
		{6BE37D4D-0356-4E74-9323-41894092335D}.Release|Any CPU.ActiveCfg = Release|Any CPU
		{6BE37D4D-0356-4E74-9323-41894092335D}.Release|Any CPU.Build.0 = Release|Any CPU
		{1DEB9FFA-781C-4BCF-AD40-814A2271FCAF}.Debug|Any CPU.ActiveCfg = Debug|Any CPU
		{1DEB9FFA-781C-4BCF-AD40-814A2271FCAF}.Debug|Any CPU.Build.0 = Debug|Any CPU
		{1DEB9FFA-781C-4BCF-AD40-814A2271FCAF}.Release|Any CPU.ActiveCfg = Release|Any CPU
		{1DEB9FFA-781C-4BCF-AD40-814A2271FCAF}.Release|Any CPU.Build.0 = Release|Any CPU
		{42D04CB5-7C21-4662-9805-778CB6DC7851}.Debug|Any CPU.ActiveCfg = Debug|Any CPU
		{42D04CB5-7C21-4662-9805-778CB6DC7851}.Debug|Any CPU.Build.0 = Debug|Any CPU
		{42D04CB5-7C21-4662-9805-778CB6DC7851}.Release|Any CPU.ActiveCfg = Release|Any CPU
		{42D04CB5-7C21-4662-9805-778CB6DC7851}.Release|Any CPU.Build.0 = Release|Any CPU
		{3ECD5546-E586-42CD-90B4-4B08170B9E17}.Debug|Any CPU.ActiveCfg = Debug|Any CPU
		{3ECD5546-E586-42CD-90B4-4B08170B9E17}.Debug|Any CPU.Build.0 = Debug|Any CPU
		{3ECD5546-E586-42CD-90B4-4B08170B9E17}.Release|Any CPU.ActiveCfg = Release|Any CPU
		{3ECD5546-E586-42CD-90B4-4B08170B9E17}.Release|Any CPU.Build.0 = Release|Any CPU
		{5BDBE6CC-C079-46D7-A493-A053C2AB1E87}.Debug|Any CPU.ActiveCfg = Debug|Any CPU
		{5BDBE6CC-C079-46D7-A493-A053C2AB1E87}.Debug|Any CPU.Build.0 = Debug|Any CPU
		{5BDBE6CC-C079-46D7-A493-A053C2AB1E87}.Release|Any CPU.ActiveCfg = Release|Any CPU
		{5BDBE6CC-C079-46D7-A493-A053C2AB1E87}.Release|Any CPU.Build.0 = Release|Any CPU
	EndGlobalSection
	GlobalSection(SolutionProperties) = preSolution
		HideSolutionNode = FALSE
	EndGlobalSection
	GlobalSection(ExtensibilityGlobals) = postSolution
		SolutionGuid = {006C51F0-53D6-4407-B07E-BAC060223BFB}
	EndGlobalSection
EndGlobal
